Microsoft Visual Studio Solution File, Format Version 12.00
# Visual Studio Version 16
VisualStudioVersion = 16.0.29728.190
MinimumVisualStudioVersion = 10.0.40219.1
Project("{9A19103F-16F7-4668-BE54-9A1E7A4F7556}") = "MyDictionary.Web", "MyDictionary\MyDictionary.Web.csproj", "{B9BB5ECD-7712-484A-A523-BDC06BBB9F2A}"
EndProject
Project("{9A19103F-16F7-4668-BE54-9A1E7A4F7556}") = "MyDictionary.Core", "MyDictionary.Core\MyDictionary.Core.csproj", "{EEBFE67A-FB2D-4343-897E-7339FB0E6237}"
EndProject
Project("{9A19103F-16F7-4668-BE54-9A1E7A4F7556}") = "MyDictionary.Infrastructure", "MyDictionary.Infrastructure\MyDictionary.Infrastructure.csproj", "{BA90B878-7B7F-4D99-8BB5-66F5030A483A}"
EndProject
Project("{2150E333-8FDC-42A3-9474-1A3956D46DE8}") = "Solution Items", "Solution Items", "{4B32890B-58BC-4CCA-8ED5-83C2713BA97B}"
	ProjectSection(SolutionItems) = preProject
		.editorconfig = .editorconfig
	EndProjectSection
EndProject
Project("{9A19103F-16F7-4668-BE54-9A1E7A4F7556}") = "IRepository", "IRepository\IRepository.csproj", "{79C94854-478E-451C-86DF-23EF47C5042F}"
EndProject
Project("{E24C65DC-7377-472B-9ABA-BC803B73C61A}") = "client-app", "client-app\", "{A36ED2DF-8AB4-48EA-91BD-88BB12CA6920}"
	ProjectSection(WebsiteProperties) = preProject
		TargetFrameworkMoniker = ".NETFramework,Version%3Dv4.0"
		Debug.AspNetCompiler.VirtualPath = "/localhost_64693"
		Debug.AspNetCompiler.PhysicalPath = "client-app\"
		Debug.AspNetCompiler.TargetPath = "PrecompiledWeb\localhost_64693\"
		Debug.AspNetCompiler.Updateable = "true"
		Debug.AspNetCompiler.ForceOverwrite = "true"
		Debug.AspNetCompiler.FixedNames = "false"
		Debug.AspNetCompiler.Debug = "True"
		Release.AspNetCompiler.VirtualPath = "/localhost_64693"
		Release.AspNetCompiler.PhysicalPath = "client-app\"
		Release.AspNetCompiler.TargetPath = "PrecompiledWeb\localhost_64693\"
		Release.AspNetCompiler.Updateable = "true"
		Release.AspNetCompiler.ForceOverwrite = "true"
		Release.AspNetCompiler.FixedNames = "false"
		Release.AspNetCompiler.Debug = "False"
		VWDPort = "64693"
		SlnRelativePath = "client-app\"
	EndProjectSection
EndProject
Global
	GlobalSection(SolutionConfigurationPlatforms) = preSolution
		Debug|Any CPU = Debug|Any CPU
		Release|Any CPU = Release|Any CPU
	EndGlobalSection
	GlobalSection(ProjectConfigurationPlatforms) = postSolution
		{B9BB5ECD-7712-484A-A523-BDC06BBB9F2A}.Debug|Any CPU.ActiveCfg = Debug|Any CPU
		{B9BB5ECD-7712-484A-A523-BDC06BBB9F2A}.Debug|Any CPU.Build.0 = Debug|Any CPU
		{B9BB5ECD-7712-484A-A523-BDC06BBB9F2A}.Release|Any CPU.ActiveCfg = Release|Any CPU
		{B9BB5ECD-7712-484A-A523-BDC06BBB9F2A}.Release|Any CPU.Build.0 = Release|Any CPU
		{EEBFE67A-FB2D-4343-897E-7339FB0E6237}.Debug|Any CPU.ActiveCfg = Debug|Any CPU
		{EEBFE67A-FB2D-4343-897E-7339FB0E6237}.Debug|Any CPU.Build.0 = Debug|Any CPU
		{EEBFE67A-FB2D-4343-897E-7339FB0E6237}.Release|Any CPU.ActiveCfg = Release|Any CPU
		{EEBFE67A-FB2D-4343-897E-7339FB0E6237}.Release|Any CPU.Build.0 = Release|Any CPU
		{BA90B878-7B7F-4D99-8BB5-66F5030A483A}.Debug|Any CPU.ActiveCfg = Debug|Any CPU
		{BA90B878-7B7F-4D99-8BB5-66F5030A483A}.Debug|Any CPU.Build.0 = Debug|Any CPU
		{BA90B878-7B7F-4D99-8BB5-66F5030A483A}.Release|Any CPU.ActiveCfg = Release|Any CPU
		{BA90B878-7B7F-4D99-8BB5-66F5030A483A}.Release|Any CPU.Build.0 = Release|Any CPU
		{79C94854-478E-451C-86DF-23EF47C5042F}.Debug|Any CPU.ActiveCfg = Debug|Any CPU
		{79C94854-478E-451C-86DF-23EF47C5042F}.Debug|Any CPU.Build.0 = Debug|Any CPU
		{79C94854-478E-451C-86DF-23EF47C5042F}.Release|Any CPU.ActiveCfg = Release|Any CPU
		{79C94854-478E-451C-86DF-23EF47C5042F}.Release|Any CPU.Build.0 = Release|Any CPU
		{A36ED2DF-8AB4-48EA-91BD-88BB12CA6920}.Debug|Any CPU.ActiveCfg = Debug|Any CPU
		{A36ED2DF-8AB4-48EA-91BD-88BB12CA6920}.Debug|Any CPU.Build.0 = Debug|Any CPU
		{A36ED2DF-8AB4-48EA-91BD-88BB12CA6920}.Release|Any CPU.ActiveCfg = Debug|Any CPU
		{A36ED2DF-8AB4-48EA-91BD-88BB12CA6920}.Release|Any CPU.Build.0 = Debug|Any CPU
	EndGlobalSection
	GlobalSection(SolutionProperties) = preSolution
		HideSolutionNode = FALSE
	EndGlobalSection
	GlobalSection(ExtensibilityGlobals) = postSolution
		SolutionGuid = {B0046C07-4E3F-4A28-8D4E-7F7434CA9CF5}
	EndGlobalSection
EndGlobal
